
Microsoft Visual Studio Solution File, Format Version 12.00
# Visual Studio 15
VisualStudioVersion = 15.0.27428.2002
MinimumVisualStudioVersion = 10.0.40219.1
Project("{FAE04EC0-301F-11D3-BF4B-00C04F79EFBC}") = "SimpleIOT", ".\SimpleIOT.NET\SimpleIOT.csproj", "{87B49895-1D1C-45E7-81CD-C1C94C72E85B}"
EndProject
Project("{FAE04EC0-301F-11D3-BF4B-00C04F79EFBC}") = "SimpleIOT_cs", ".\SimpleIOT.NET\SimpleIOT_cs.csproj", "{FE3D4450-2D51-4AAC-98CC-7D4E13425EB2}"
EndProject
Global
	GlobalSection(SolutionConfigurationPlatforms) = preSolution
		Debug|Any CPU = Debug|Any CPU
		Release|Any CPU = Release|Any CPU
	EndGlobalSection
	GlobalSection(ProjectConfigurationPlatforms) = postSolution
		{87B49895-1D1C-45E7-81CD-C1C94C72E85B}.Debug|Any CPU.ActiveCfg = Debug|Any CPU
		{87B49895-1D1C-45E7-81CD-C1C94C72E85B}.Debug|Any CPU.Build.0 = Debug|Any CPU
		{87B49895-1D1C-45E7-81CD-C1C94C72E85B}.Release|Any CPU.ActiveCfg = Release|Any CPU
		{87B49895-1D1C-45E7-81CD-C1C94C72E85B}.Release|Any CPU.Build.0 = Release|Any CPU
		{FE3D4450-2D51-4AAC-98CC-7D4E13425EB2}.Debug|Any CPU.ActiveCfg = Debug|Any CPU
		{FE3D4450-2D51-4AAC-98CC-7D4E13425EB2}.Debug|Any CPU.Build.0 = Debug|Any CPU
		{FE3D4450-2D51-4AAC-98CC-7D4E13425EB2}.Release|Any CPU.ActiveCfg = Release|Any CPU
		{FE3D4450-2D51-4AAC-98CC-7D4E13425EB2}.Release|Any CPU.Build.0 = Release|Any CPU
	EndGlobalSection
	GlobalSection(SolutionProperties) = preSolution
		HideSolutionNode = FALSE
	EndGlobalSection
	GlobalSection(ExtensibilityGlobals) = postSolution
		SolutionGuid = {3787CC53-6A89-4FE9-9D39-541AA867DB0E}
	EndGlobalSection
EndGlobal
